// !$*UTF8*$!
{
	archiveVersion = 1;
	classes = {
	};
	objectVersion = 50;
	objects = {

/* Begin PBXBuildFile section */
		3C2BFB7125350D1B0064D267 /* Digital-Regular.ttf in Resources */ = {isa = PBXBuildFile; fileRef = 3C2BFB7025350D1B0064D267 /* Digital-Regular.ttf */; };
		3C2BFB7525350FDB0064D267 /* CalculatorTextField.swift in Sources */ = {isa = PBXBuildFile; fileRef = 3C2BFB7425350FDB0064D267 /* CalculatorTextField.swift */; };
		3C2BFB79253510130064D267 /* CalculatorLabel.swift in Sources */ = {isa = PBXBuildFile; fileRef = 3C2BFB78253510130064D267 /* CalculatorLabel.swift */; };
		3C2BFB7D2535102A0064D267 /* CalculatorButton.swift in Sources */ = {isa = PBXBuildFile; fileRef = 3C2BFB7C2535102A0064D267 /* CalculatorButton.swift */; };
		3C8B41BB2534FC7F00A88A71 /* AppDelegate.swift in Sources */ = {isa = PBXBuildFile; fileRef = 3C8B41BA2534FC7F00A88A71 /* AppDelegate.swift */; };
		3C8B41BD2534FC7F00A88A71 /* SceneDelegate.swift in Sources */ = {isa = PBXBuildFile; fileRef = 3C8B41BC2534FC7F00A88A71 /* SceneDelegate.swift */; };
		3C8B41BF2534FC7F00A88A71 /* ViewController.swift in Sources */ = {isa = PBXBuildFile; fileRef = 3C8B41BE2534FC7F00A88A71 /* ViewController.swift */; };
		3C8B41C22534FC7F00A88A71 /* Main.storyboard in Resources */ = {isa = PBXBuildFile; fileRef = 3C8B41C02534FC7F00A88A71 /* Main.storyboard */; };
		3C8B41C42534FC8200A88A71 /* Assets.xcassets in Resources */ = {isa = PBXBuildFile; fileRef = 3C8B41C32534FC8200A88A71 /* Assets.xcassets */; };
		3C8B41C72534FC8200A88A71 /* LaunchScreen.storyboard in Resources */ = {isa = PBXBuildFile; fileRef = 3C8B41C52534FC8200A88A71 /* LaunchScreen.storyboard */; };
		3C8B41DA2535073800A88A71 /* StyleGuide.swift in Sources */ = {isa = PBXBuildFile; fileRef = 3C8B41D92535073800A88A71 /* StyleGuide.swift */; };
		3C8B41DD2535079000A88A71 /* Colors.xcassets in Resources */ = {isa = PBXBuildFile; fileRef = 3C8B41DC2535079000A88A71 /* Colors.xcassets */; };
/* End PBXBuildFile section */

/* Begin PBXFileReference section */
		3C2BFB7025350D1B0064D267 /* Digital-Regular.ttf */ = {isa = PBXFileReference; lastKnownFileType = file; path = "Digital-Regular.ttf"; sourceTree = "<group>"; };
		3C2BFB7425350FDB0064D267 /* CalculatorTextField.swift */ = {isa = PBXFileReference; lastKnownFileType = sourcecode.swift; path = CalculatorTextField.swift; sourceTree = "<group>"; };
		3C2BFB78253510130064D267 /* CalculatorLabel.swift */ = {isa = PBXFileReference; lastKnownFileType = sourcecode.swift; path = CalculatorLabel.swift; sourceTree = "<group>"; };
		3C2BFB7C2535102A0064D267 /* CalculatorButton.swift */ = {isa = PBXFileReference; lastKnownFileType = sourcecode.swift; path = CalculatorButton.swift; sourceTree = "<group>"; };
		3C8B41B72534FC7F00A88A71 /* Calculator.app */ = {isa = PBXFileReference; explicitFileType = wrapper.application; includeInIndex = 0; path = Calculator.app; sourceTree = BUILT_PRODUCTS_DIR; };
		3C8B41BA2534FC7F00A88A71 /* AppDelegate.swift */ = {isa = PBXFileReference; lastKnownFileType = sourcecode.swift; path = AppDelegate.swift; sourceTree = "<group>"; };
		3C8B41BC2534FC7F00A88A71 /* SceneDelegate.swift */ = {isa = PBXFileReference; lastKnownFileType = sourcecode.swift; path = SceneDelegate.swift; sourceTree = "<group>"; };
		3C8B41BE2534FC7F00A88A71 /* ViewController.swift */ = {isa = PBXFileReference; lastKnownFileType = sourcecode.swift; path = ViewController.swift; sourceTree = "<group>"; };
		3C8B41C12534FC7F00A88A71 /* Base */ = {isa = PBXFileReference; lastKnownFileType = file.storyboard; name = Base; path = Base.lproj/Main.storyboard; sourceTree = "<group>"; };
		3C8B41C32534FC8200A88A71 /* Assets.xcassets */ = {isa = PBXFileReference; lastKnownFileType = folder.assetcatalog; path = Assets.xcassets; sourceTree = "<group>"; };
		3C8B41C62534FC8200A88A71 /* Base */ = {isa = PBXFileReference; lastKnownFileType = file.storyboard; name = Base; path = Base.lproj/LaunchScreen.storyboard; sourceTree = "<group>"; };
		3C8B41C82534FC8200A88A71 /* Info.plist */ = {isa = PBXFileReference; lastKnownFileType = text.plist.xml; path = Info.plist; sourceTree = "<group>"; };
		3C8B41D92535073800A88A71 /* StyleGuide.swift */ = {isa = PBXFileReference; lastKnownFileType = sourcecode.swift; path = StyleGuide.swift; sourceTree = "<group>"; };
		3C8B41DC2535079000A88A71 /* Colors.xcassets */ = {isa = PBXFileReference; lastKnownFileType = folder.assetcatalog; path = Colors.xcassets; sourceTree = "<group>"; };
/* End PBXFileReference section */

/* Begin PBXFrameworksBuildPhase section */
		3C8B41B42534FC7F00A88A71 /* Frameworks */ = {
			isa = PBXFrameworksBuildPhase;
			buildActionMask = 2147483647;
			files = (
			);
			runOnlyForDeploymentPostprocessing = 0;
		};
/* End PBXFrameworksBuildPhase section */

/* Begin PBXGroup section */
		3C2BFB6F25350D090064D267 /* Fonts */ = {
			isa = PBXGroup;
			children = (
				3C2BFB7025350D1B0064D267 /* Digital-Regular.ttf */,
			);
			path = Fonts;
			sourceTree = "<group>";
		};
		3C8B41AE2534FC7F00A88A71 = {
			isa = PBXGroup;
			children = (
				3C8B41B92534FC7F00A88A71 /* Calculator */,
				3C8B41B82534FC7F00A88A71 /* Products */,
			);
			sourceTree = "<group>";
		};
		3C8B41B82534FC7F00A88A71 /* Products */ = {
			isa = PBXGroup;
			children = (
				3C8B41B72534FC7F00A88A71 /* Calculator.app */,
			);
			name = Products;
			sourceTree = "<group>";
		};
		3C8B41B92534FC7F00A88A71 /* Calculator */ = {
			isa = PBXGroup;
			children = (
				3C8B41D82535071400A88A71 /* HelpersAndExtensions */,
				3C8B41D52534FD1900A88A71 /* Models */,
				3C8B41D42534FD1400A88A71 /* Views */,
				3C8B41D12534FCFF00A88A71 /* Controllers */,
				3C8B41D02534FCFA00A88A71 /* Resources */,
			);
			path = Calculator;
			sourceTree = "<group>";
		};
		3C8B41D02534FCFA00A88A71 /* Resources */ = {
			isa = PBXGroup;
			children = (
				3C2BFB6F25350D090064D267 /* Fonts */,
				3C8B41BA2534FC7F00A88A71 /* AppDelegate.swift */,
				3C8B41BC2534FC7F00A88A71 /* SceneDelegate.swift */,
				3C8B41C32534FC8200A88A71 /* Assets.xcassets */,
				3C8B41DC2535079000A88A71 /* Colors.xcassets */,
				3C8B41C52534FC8200A88A71 /* LaunchScreen.storyboard */,
				3C8B41C82534FC8200A88A71 /* Info.plist */,
			);
			path = Resources;
			sourceTree = "<group>";
		};
		3C8B41D12534FCFF00A88A71 /* Controllers */ = {
			isa = PBXGroup;
			children = (
				3C8B41D32534FD0B00A88A71 /* ModelControllers */,
				3C8B41D22534FD0300A88A71 /* ViewControllers */,
			);
			path = Controllers;
			sourceTree = "<group>";
		};
		3C8B41D22534FD0300A88A71 /* ViewControllers */ = {
			isa = PBXGroup;
			children = (
				3C8B41BE2534FC7F00A88A71 /* ViewController.swift */,
			);
			path = ViewControllers;
			sourceTree = "<group>";
		};
		3C8B41D32534FD0B00A88A71 /* ModelControllers */ = {
			isa = PBXGroup;
			children = (
			);
			path = ModelControllers;
			sourceTree = "<group>";
		};
		3C8B41D42534FD1400A88A71 /* Views */ = {
			isa = PBXGroup;
			children = (
				3C2BFB7C2535102A0064D267 /* CalculatorButton.swift */,
				3C2BFB7425350FDB0064D267 /* CalculatorTextField.swift */,
				3C2BFB78253510130064D267 /* CalculatorLabel.swift */,
				3C8B41D62534FD3D00A88A71 /* Storyboards */,
			);
			path = Views;
			sourceTree = "<group>";
		};
		3C8B41D52534FD1900A88A71 /* Models */ = {
			isa = PBXGroup;
			children = (
			);
			path = Models;
			sourceTree = "<group>";
		};
		3C8B41D62534FD3D00A88A71 /* Storyboards */ = {
			isa = PBXGroup;
			children = (
				3C8B41C02534FC7F00A88A71 /* Main.storyboard */,
			);
			path = Storyboards;
			sourceTree = "<group>";
		};
		3C8B41D82535071400A88A71 /* HelpersAndExtensions */ = {
			isa = PBXGroup;
			children = (
				3C8B41D92535073800A88A71 /* StyleGuide.swift */,
			);
			path = HelpersAndExtensions;
			sourceTree = "<group>";
		};
/* End PBXGroup section */

/* Begin PBXNativeTarget section */
		3C8B41B62534FC7F00A88A71 /* Calculator */ = {
			isa = PBXNativeTarget;
			buildConfigurationList = 3C8B41CB2534FC8200A88A71 /* Build configuration list for PBXNativeTarget "Calculator" */;
			buildPhases = (
				3C8B41B32534FC7F00A88A71 /* Sources */,
				3C8B41B42534FC7F00A88A71 /* Frameworks */,
				3C8B41B52534FC7F00A88A71 /* Resources */,
			);
			buildRules = (
			);
			dependencies = (
			);
			name = Calculator;
			productName = Calculator;
			productReference = 3C8B41B72534FC7F00A88A71 /* Calculator.app */;
			productType = "com.apple.product-type.application";
		};
/* End PBXNativeTarget section */

/* Begin PBXProject section */
		3C8B41AF2534FC7F00A88A71 /* Project object */ = {
			isa = PBXProject;
			attributes = {
				LastSwiftUpdateCheck = 1220;
				LastUpgradeCheck = 1220;
				TargetAttributes = {
					3C8B41B62534FC7F00A88A71 = {
						CreatedOnToolsVersion = 12.2;
					};
				};
			};
			buildConfigurationList = 3C8B41B22534FC7F00A88A71 /* Build configuration list for PBXProject "Calculator" */;
			compatibilityVersion = "Xcode 9.3";
			developmentRegion = en;
			hasScannedForEncodings = 0;
			knownRegions = (
				en,
				Base,
			);
			mainGroup = 3C8B41AE2534FC7F00A88A71;
			productRefGroup = 3C8B41B82534FC7F00A88A71 /* Products */;
			projectDirPath = "";
			projectRoot = "";
			targets = (
				3C8B41B62534FC7F00A88A71 /* Calculator */,
			);
		};
/* End PBXProject section */

/* Begin PBXResourcesBuildPhase section */
		3C8B41B52534FC7F00A88A71 /* Resources */ = {
			isa = PBXResourcesBuildPhase;
			buildActionMask = 2147483647;
			files = (
				3C8B41C72534FC8200A88A71 /* LaunchScreen.storyboard in Resources */,
				3C8B41DD2535079000A88A71 /* Colors.xcassets in Resources */,
				3C8B41C42534FC8200A88A71 /* Assets.xcassets in Resources */,
				3C2BFB7125350D1B0064D267 /* Digital-Regular.ttf in Resources */,
				3C8B41C22534FC7F00A88A71 /* Main.storyboard in Resources */,
			);
			runOnlyForDeploymentPostprocessing = 0;
		};
/* End PBXResourcesBuildPhase section */

/* Begin PBXSourcesBuildPhase section */
		3C8B41B32534FC7F00A88A71 /* Sources */ = {
			isa = PBXSourcesBuildPhase;
			buildActionMask = 2147483647;
			files = (
				3C8B41BF2534FC7F00A88A71 /* ViewController.swift in Sources */,
				3C2BFB7D2535102A0064D267 /* CalculatorButton.swift in Sources */,
				3C8B41BB2534FC7F00A88A71 /* AppDelegate.swift in Sources */,
				3C8B41DA2535073800A88A71 /* StyleGuide.swift in Sources */,
				3C2BFB7525350FDB0064D267 /* CalculatorTextField.swift in Sources */,
				3C2BFB79253510130064D267 /* CalculatorLabel.swift in Sources */,
				3C8B41BD2534FC7F00A88A71 /* SceneDelegate.swift in Sources */,
			);
			runOnlyForDeploymentPostprocessing = 0;
		};
/* End PBXSourcesBuildPhase section */

/* Begin PBXVariantGroup section */
		3C8B41C02534FC7F00A88A71 /* Main.storyboard */ = {
			isa = PBXVariantGroup;
			children = (
				3C8B41C12534FC7F00A88A71 /* Base */,
			);
			name = Main.storyboard;
			sourceTree = "<group>";
		};
		3C8B41C52534FC8200A88A71 /* LaunchScreen.storyboard */ = {
			isa = PBXVariantGroup;
			children = (
				3C8B41C62534FC8200A88A71 /* Base */,
			);
			name = LaunchScreen.storyboard;
			sourceTree = "<group>";
		};
/* End PBXVariantGroup section */

/* Begin XCBuildConfiguration section */
		3C8B41C92534FC8200A88A71 /* Debug */ = {
			isa = XCBuildConfiguration;
			buildSettings = {
				ALWAYS_SEARCH_USER_PATHS = NO;
				CLANG_ANALYZER_NONNULL = YES;
				CLANG_ANALYZER_NUMBER_OBJECT_CONVERSION = YES_AGGRESSIVE;
				CLANG_CXX_LANGUAGE_STANDARD = "gnu++14";
				CLANG_CXX_LIBRARY = "libc++";
				CLANG_ENABLE_MODULES = YES;
				CLANG_ENABLE_OBJC_ARC = YES;
				CLANG_ENABLE_OBJC_WEAK = YES;
				CLANG_WARN_BLOCK_CAPTURE_AUTORELEASING = YES;
				CLANG_WARN_BOOL_CONVERSION = YES;
				CLANG_WARN_COMMA = YES;
				CLANG_WARN_CONSTANT_CONVERSION = YES;
				CLANG_WARN_DEPRECATED_OBJC_IMPLEMENTATIONS = YES;
				CLANG_WARN_DIRECT_OBJC_ISA_USAGE = YES_ERROR;
				CLANG_WARN_DOCUMENTATION_COMMENTS = YES;
				CLANG_WARN_EMPTY_BODY = YES;
				CLANG_WARN_ENUM_CONVERSION = YES;
				CLANG_WARN_INFINITE_RECURSION = YES;
				CLANG_WARN_INT_CONVERSION = YES;
				CLANG_WARN_NON_LITERAL_NULL_CONVERSION = YES;
				CLANG_WARN_OBJC_IMPLICIT_RETAIN_SELF = YES;
				CLANG_WARN_OBJC_LITERAL_CONVERSION = YES;
				CLANG_WARN_OBJC_ROOT_CLASS = YES_ERROR;
				CLANG_WARN_QUOTED_INCLUDE_IN_FRAMEWORK_HEADER = YES;
				CLANG_WARN_RANGE_LOOP_ANALYSIS = YES;
				CLANG_WARN_STRICT_PROTOTYPES = YES;
				CLANG_WARN_SUSPICIOUS_MOVE = YES;
				CLANG_WARN_UNGUARDED_AVAILABILITY = YES_AGGRESSIVE;
				CLANG_WARN_UNREACHABLE_CODE = YES;
				CLANG_WARN__DUPLICATE_METHOD_MATCH = YES;
				COPY_PHASE_STRIP = NO;
				DEBUG_INFORMATION_FORMAT = dwarf;
				ENABLE_STRICT_OBJC_MSGSEND = YES;
				ENABLE_TESTABILITY = YES;
				GCC_C_LANGUAGE_STANDARD = gnu11;
				GCC_DYNAMIC_NO_PIC = NO;
				GCC_NO_COMMON_BLOCKS = YES;
				GCC_OPTIMIZATION_LEVEL = 0;
				GCC_PREPROCESSOR_DEFINITIONS = (
					"DEBUG=1",
					"$(inherited)",
				);
				GCC_WARN_64_TO_32_BIT_CONVERSION = YES;
				GCC_WARN_ABOUT_RETURN_TYPE = YES_ERROR;
				GCC_WARN_UNDECLARED_SELECTOR = YES;
				GCC_WARN_UNINITIALIZED_AUTOS = YES_AGGRESSIVE;
				GCC_WARN_UNUSED_FUNCTION = YES;
				GCC_WARN_UNUSED_VARIABLE = YES;
				IPHONEOS_DEPLOYMENT_TARGET = 14.2;
				MTL_ENABLE_DEBUG_INFO = INCLUDE_SOURCE;
				MTL_FAST_MATH = YES;
				ONLY_ACTIVE_ARCH = YES;
				SDKROOT = iphoneos;
				SWIFT_ACTIVE_COMPILATION_CONDITIONS = DEBUG;
				SWIFT_OPTIMIZATION_LEVEL = "-Onone";
			};
			name = Debug;
		};
		3C8B41CA2534FC8200A88A71 /* Release */ = {
			isa = XCBuildConfiguration;
			buildSettings = {
				ALWAYS_SEARCH_USER_PATHS = NO;
				CLANG_ANALYZER_NONNULL = YES;
				CLANG_ANALYZER_NUMBER_OBJECT_CONVERSION = YES_AGGRESSIVE;
				CLANG_CXX_LANGUAGE_STANDARD = "gnu++14";
				CLANG_CXX_LIBRARY = "libc++";
				CLANG_ENABLE_MODULES = YES;
				CLANG_ENABLE_OBJC_ARC = YES;
				CLANG_ENABLE_OBJC_WEAK = YES;
				CLANG_WARN_BLOCK_CAPTURE_AUTORELEASING = YES;
				CLANG_WARN_BOOL_CONVERSION = YES;
				CLANG_WARN_COMMA = YES;
				CLANG_WARN_CONSTANT_CONVERSION = YES;
				CLANG_WARN_DEPRECATED_OBJC_IMPLEMENTATIONS = YES;
				CLANG_WARN_DIRECT_OBJC_ISA_USAGE = YES_ERROR;
				CLANG_WARN_DOCUMENTATION_COMMENTS = YES;
				CLANG_WARN_EMPTY_BODY = YES;
				CLANG_WARN_ENUM_CONVERSION = YES;
				CLANG_WARN_INFINITE_RECURSION = YES;
				CLANG_WARN_INT_CONVERSION = YES;
				CLANG_WARN_NON_LITERAL_NULL_CONVERSION = YES;
				CLANG_WARN_OBJC_IMPLICIT_RETAIN_SELF = YES;
				CLANG_WARN_OBJC_LITERAL_CONVERSION = YES;
				CLANG_WARN_OBJC_ROOT_CLASS = YES_ERROR;
				CLANG_WARN_QUOTED_INCLUDE_IN_FRAMEWORK_HEADER = YES;
				CLANG_WARN_RANGE_LOOP_ANALYSIS = YES;
				CLANG_WARN_STRICT_PROTOTYPES = YES;
				CLANG_WARN_SUSPICIOUS_MOVE = YES;
				CLANG_WARN_UNGUARDED_AVAILABILITY = YES_AGGRESSIVE;
				CLANG_WARN_UNREACHABLE_CODE = YES;
				CLANG_WARN__DUPLICATE_METHOD_MATCH = YES;
				COPY_PHASE_STRIP = NO;
				DEBUG_INFORMATION_FORMAT = "dwarf-with-dsym";
				ENABLE_NS_ASSERTIONS = NO;
				ENABLE_STRICT_OBJC_MSGSEND = YES;
				GCC_C_LANGUAGE_STANDARD = gnu11;
				GCC_NO_COMMON_BLOCKS = YES;
				GCC_WARN_64_TO_32_BIT_CONVERSION = YES;
				GCC_WARN_ABOUT_RETURN_TYPE = YES_ERROR;
				GCC_WARN_UNDECLARED_SELECTOR = YES;
				GCC_WARN_UNINITIALIZED_AUTOS = YES_AGGRESSIVE;
				GCC_WARN_UNUSED_FUNCTION = YES;
				GCC_WARN_UNUSED_VARIABLE = YES;
				IPHONEOS_DEPLOYMENT_TARGET = 14.2;
				MTL_ENABLE_DEBUG_INFO = NO;
				MTL_FAST_MATH = YES;
				SDKROOT = iphoneos;
				SWIFT_COMPILATION_MODE = wholemodule;
				SWIFT_OPTIMIZATION_LEVEL = "-O";
				VALIDATE_PRODUCT = YES;
			};
			name = Release;
		};
		3C8B41CC2534FC8200A88A71 /* Debug */ = {
			isa = XCBuildConfiguration;
			buildSettings = {
				ASSETCATALOG_COMPILER_APPICON_NAME = AppIcon;
				ASSETCATALOG_COMPILER_GLOBAL_ACCENT_COLOR_NAME = AccentColor;
				CODE_SIGN_STYLE = Automatic;
				DEVELOPMENT_TEAM = 268JS24689;
				INFOPLIST_FILE = Calculator/Resources/Info.plist;
				LD_RUNPATH_SEARCH_PATHS = (
					"$(inherited)",
					"@executable_path/Frameworks",
				);
				PRODUCT_BUNDLE_IDENTIFIER = com.koceja.dvmtn.Calculator;
				PRODUCT_NAME = "$(TARGET_NAME)";
				SWIFT_VERSION = 5.0;
				TARGETED_DEVICE_FAMILY = "1,2";
			};
			name = Debug;
		};
		3C8B41CD2534FC8200A88A71 /* Release */ = {
			isa = XCBuildConfiguration;
			buildSettings = {
				ASSETCATALOG_COMPILER_APPICON_NAME = AppIcon;
				ASSETCATALOG_COMPILER_GLOBAL_ACCENT_COLOR_NAME = AccentColor;
				CODE_SIGN_STYLE = Automatic;
				DEVELOPMENT_TEAM = 268JS24689;
				INFOPLIST_FILE = Calculator/Resources/Info.plist;
				LD_RUNPATH_SEARCH_PATHS = (
					"$(inherited)",
					"@executable_path/Frameworks",
				);
				PRODUCT_BUNDLE_IDENTIFIER = com.koceja.dvmtn.Calculator;
				PRODUCT_NAME = "$(TARGET_NAME)";
				SWIFT_VERSION = 5.0;
				TARGETED_DEVICE_FAMILY = "1,2";
			};
			name = Release;
		};
/* End XCBuildConfiguration section */

/* Begin XCConfigurationList section */
		3C8B41B22534FC7F00A88A71 /* Build configuration list for PBXProject "Calculator" */ = {
			isa = XCConfigurationList;
			buildConfigurations = (
				3C8B41C92534FC8200A88A71 /* Debug */,
				3C8B41CA2534FC8200A88A71 /* Release */,
			);
			defaultConfigurationIsVisible = 0;
			defaultConfigurationName = Release;
		};
		3C8B41CB2534FC8200A88A71 /* Build configuration list for PBXNativeTarget "Calculator" */ = {
			isa = XCConfigurationList;
			buildConfigurations = (
				3C8B41CC2534FC8200A88A71 /* Debug */,
				3C8B41CD2534FC8200A88A71 /* Release */,
			);
			defaultConfigurationIsVisible = 0;
			defaultConfigurationName = Release;
		};
/* End XCConfigurationList section */
	};
	rootObject = 3C8B41AF2534FC7F00A88A71 /* Project object */;
}
